
Microsoft Visual Studio Solution File, Format Version 12.00
# Visual Studio Version 17
VisualStudioVersion = 17.14.36429.23 d17.14
MinimumVisualStudioVersion = 10.0.40219.1
Project("{FAE04EC0-301F-11D3-BF4B-00C04F79EFBC}") = "ChessRatingListApi", "ChessRatingListApi.csproj", "{E9BC3300-22BC-49E3-813A-6DE9F50451DF}"
EndProject
Global
	GlobalSection(SolutionConfigurationPlatforms) = preSolution
		Debug|Any CPU = Debug|Any CPU
		Release|Any CPU = Release|Any CPU
	EndGlobalSection
	GlobalSection(ProjectConfigurationPlatforms) = postSolution
		{E9BC3300-22BC-49E3-813A-6DE9F50451DF}.Debug|Any CPU.ActiveCfg = Debug|Any CPU
		{E9BC3300-22BC-49E3-813A-6DE9F50451DF}.Debug|Any CPU.Build.0 = Debug|Any CPU
		{E9BC3300-22BC-49E3-813A-6DE9F50451DF}.Release|Any CPU.ActiveCfg = Release|Any CPU
		{E9BC3300-22BC-49E3-813A-6DE9F50451DF}.Release|Any CPU.Build.0 = Release|Any CPU
	EndGlobalSection
	GlobalSection(SolutionProperties) = preSolution
		HideSolutionNode = FALSE
	EndGlobalSection
	GlobalSection(ExtensibilityGlobals) = postSolution
		SolutionGuid = {1F13624F-6996-4D73-A033-90CECFE16649}
	EndGlobalSection
EndGlobal
